
Microsoft Visual Studio Solution File, Format Version 12.00
Project("{FAE04EC0-301F-11D3-BF4B-00C04F79EFBC}") = "Spout", "Spout\Spout.csproj", "{98B3A10F-3ABE-4279-A872-4AAAB43C57BE}"
EndProject
Global
	GlobalSection(SolutionConfigurationPlatforms) = preSolution
		Debug|Any CPU = Debug|Any CPU
		Release|Any CPU = Release|Any CPU
	EndGlobalSection
	GlobalSection(ProjectConfigurationPlatforms) = postSolution
		{98B3A10F-3ABE-4279-A872-4AAAB43C57BE}.Debug|Any CPU.ActiveCfg = Debug|Any CPU
		{98B3A10F-3ABE-4279-A872-4AAAB43C57BE}.Debug|Any CPU.Build.0 = Debug|Any CPU
		{98B3A10F-3ABE-4279-A872-4AAAB43C57BE}.Release|Any CPU.ActiveCfg = Release|Any CPU
		{98B3A10F-3ABE-4279-A872-4AAAB43C57BE}.Release|Any CPU.Build.0 = Release|Any CPU
	EndGlobalSection
EndGlobal
